{
  "requires": true,
  "lockfileVersion": 1,
  "dependencies": {
    "scrollclass": {
      "version": "0.2.0",
      "resolved": "https://registry.npmjs.org/scrollclass/-/scrollclass-0.2.0.tgz",
      "integrity": "sha512-HPkV6Eoz0/Q2LpT9QWMQuTJyo7ghEa96a+itHI+nvRl+/anzkv01bq7llEFX2naLSViezJCyopmeVNLhaatk2A=="
    }
  }
}
