{
  "requires": true,
  "lockfileVersion": 1,
  "dependencies": {
    "scrollclass": {
      "version": "0.1.0",
      "resolved": "https://registry.npmjs.org/scrollclass/-/scrollclass-0.1.0.tgz",
      "integrity": "sha512-Sybw8kORFOXh/Y8ijFcgLkGmBFnJq7mB4QU+knrtEJEy7GPuCU61v358Ic4yht6erXYeg4/evPVqWsnr55p+Kw=="
    }
  }
}
